// !$*UTF8*$!
{
	archiveVersion = 1;
	classes = {
	};
	objectVersion = 56;
	objects = {

/* Begin PBXBuildFile section */
		0428727D2A7E7C2B00E4EF3C /* FirsTypeVC.swift in Sources */ = {isa = PBXBuildFile; fileRef = 0428727C2A7E7C2B00E4EF3C /* FirsTypeVC.swift */; };
		042872802A7E836C00E4EF3C /* FirstTVCell.swift in Sources */ = {isa = PBXBuildFile; fileRef = 0428727E2A7E836C00E4EF3C /* FirstTVCell.swift */; };
		042872812A7E836C00E4EF3C /* FirstTVCell.xib in Resources */ = {isa = PBXBuildFile; fileRef = 0428727F2A7E836C00E4EF3C /* FirstTVCell.xib */; };
		042872842A7E8A8A00E4EF3C /* Products.swift in Sources */ = {isa = PBXBuildFile; fileRef = 042872832A7E8A8A00E4EF3C /* Products.swift */; };
		043C39E52A7D3D20001C1B7D /* AppDelegate.swift in Sources */ = {isa = PBXBuildFile; fileRef = 043C39E42A7D3D20001C1B7D /* AppDelegate.swift */; };
		043C39E72A7D3D20001C1B7D /* SceneDelegate.swift in Sources */ = {isa = PBXBuildFile; fileRef = 043C39E62A7D3D20001C1B7D /* SceneDelegate.swift */; };
		043C39E92A7D3D20001C1B7D /* MainVC.swift in Sources */ = {isa = PBXBuildFile; fileRef = 043C39E82A7D3D20001C1B7D /* MainVC.swift */; };
		043C39EC2A7D3D20001C1B7D /* Main.storyboard in Resources */ = {isa = PBXBuildFile; fileRef = 043C39EA2A7D3D20001C1B7D /* Main.storyboard */; };
		043C39EE2A7D3D27001C1B7D /* Assets.xcassets in Resources */ = {isa = PBXBuildFile; fileRef = 043C39ED2A7D3D27001C1B7D /* Assets.xcassets */; };
		043C39F12A7D3D27001C1B7D /* LaunchScreen.storyboard in Resources */ = {isa = PBXBuildFile; fileRef = 043C39EF2A7D3D27001C1B7D /* LaunchScreen.storyboard */; };
		043C39FB2A7D3F1F001C1B7D /* Helper.swift in Sources */ = {isa = PBXBuildFile; fileRef = 043C39FA2A7D3F1F001C1B7D /* Helper.swift */; };
		043C3A012A7D4067001C1B7D /* Colors.xcassets in Resources */ = {isa = PBXBuildFile; fileRef = 043C3A002A7D4067001C1B7D /* Colors.xcassets */; };
		043C3A042A7D409F001C1B7D /* MainTVCell.swift in Sources */ = {isa = PBXBuildFile; fileRef = 043C3A022A7D409F001C1B7D /* MainTVCell.swift */; };
		043C3A052A7D409F001C1B7D /* MainTVCell.xib in Resources */ = {isa = PBXBuildFile; fileRef = 043C3A032A7D409F001C1B7D /* MainTVCell.xib */; };
		04403C372A7EA6560033013D /* SecondTypeVC.swift in Sources */ = {isa = PBXBuildFile; fileRef = 04403C362A7EA6560033013D /* SecondTypeVC.swift */; };
		04403C3A2A7EA8E70033013D /* SecondTVCell.swift in Sources */ = {isa = PBXBuildFile; fileRef = 04403C382A7EA8E70033013D /* SecondTVCell.swift */; };
		04403C3B2A7EA8E70033013D /* SecondTVCell.xib in Resources */ = {isa = PBXBuildFile; fileRef = 04403C392A7EA8E70033013D /* SecondTVCell.xib */; };
		046EC19D2A7EF4AC00D4E6EF /* ThirdVC.swift in Sources */ = {isa = PBXBuildFile; fileRef = 046EC19C2A7EF4AC00D4E6EF /* ThirdVC.swift */; };
		0492AED72A7F4F19000665CB /* FourthVC.swift in Sources */ = {isa = PBXBuildFile; fileRef = 0492AED62A7F4F19000665CB /* FourthVC.swift */; };
/* End PBXBuildFile section */

/* Begin PBXFileReference section */
		0428727C2A7E7C2B00E4EF3C /* FirsTypeVC.swift */ = {isa = PBXFileReference; lastKnownFileType = sourcecode.swift; path = FirsTypeVC.swift; sourceTree = "<group>"; };
		0428727E2A7E836C00E4EF3C /* FirstTVCell.swift */ = {isa = PBXFileReference; lastKnownFileType = sourcecode.swift; path = FirstTVCell.swift; sourceTree = "<group>"; };
		0428727F2A7E836C00E4EF3C /* FirstTVCell.xib */ = {isa = PBXFileReference; lastKnownFileType = file.xib; path = FirstTVCell.xib; sourceTree = "<group>"; };
		042872832A7E8A8A00E4EF3C /* Products.swift */ = {isa = PBXFileReference; lastKnownFileType = sourcecode.swift; path = Products.swift; sourceTree = "<group>"; };
		043C39E12A7D3D1F001C1B7D /* TableView.app */ = {isa = PBXFileReference; explicitFileType = wrapper.application; includeInIndex = 0; path = TableView.app; sourceTree = BUILT_PRODUCTS_DIR; };
		043C39E42A7D3D20001C1B7D /* AppDelegate.swift */ = {isa = PBXFileReference; lastKnownFileType = sourcecode.swift; path = AppDelegate.swift; sourceTree = "<group>"; };
		043C39E62A7D3D20001C1B7D /* SceneDelegate.swift */ = {isa = PBXFileReference; lastKnownFileType = sourcecode.swift; path = SceneDelegate.swift; sourceTree = "<group>"; };
		043C39E82A7D3D20001C1B7D /* MainVC.swift */ = {isa = PBXFileReference; lastKnownFileType = sourcecode.swift; path = MainVC.swift; sourceTree = "<group>"; };
		043C39EB2A7D3D20001C1B7D /* Base */ = {isa = PBXFileReference; lastKnownFileType = file.storyboard; name = Base; path = Base.lproj/Main.storyboard; sourceTree = "<group>"; };
		043C39ED2A7D3D27001C1B7D /* Assets.xcassets */ = {isa = PBXFileReference; lastKnownFileType = folder.assetcatalog; path = Assets.xcassets; sourceTree = "<group>"; };
		043C39F02A7D3D27001C1B7D /* Base */ = {isa = PBXFileReference; lastKnownFileType = file.storyboard; name = Base; path = Base.lproj/LaunchScreen.storyboard; sourceTree = "<group>"; };
		043C39F22A7D3D27001C1B7D /* Info.plist */ = {isa = PBXFileReference; lastKnownFileType = text.plist.xml; path = Info.plist; sourceTree = "<group>"; };
		043C39FA2A7D3F1F001C1B7D /* Helper.swift */ = {isa = PBXFileReference; lastKnownFileType = sourcecode.swift; path = Helper.swift; sourceTree = "<group>"; };
		043C3A002A7D4067001C1B7D /* Colors.xcassets */ = {isa = PBXFileReference; lastKnownFileType = folder.assetcatalog; path = Colors.xcassets; sourceTree = "<group>"; };
		043C3A022A7D409F001C1B7D /* MainTVCell.swift */ = {isa = PBXFileReference; lastKnownFileType = sourcecode.swift; path = MainTVCell.swift; sourceTree = "<group>"; };
		043C3A032A7D409F001C1B7D /* MainTVCell.xib */ = {isa = PBXFileReference; lastKnownFileType = file.xib; path = MainTVCell.xib; sourceTree = "<group>"; };
		04403C362A7EA6560033013D /* SecondTypeVC.swift */ = {isa = PBXFileReference; lastKnownFileType = sourcecode.swift; path = SecondTypeVC.swift; sourceTree = "<group>"; };
		04403C382A7EA8E70033013D /* SecondTVCell.swift */ = {isa = PBXFileReference; lastKnownFileType = sourcecode.swift; path = SecondTVCell.swift; sourceTree = "<group>"; };
		04403C392A7EA8E70033013D /* SecondTVCell.xib */ = {isa = PBXFileReference; lastKnownFileType = file.xib; path = SecondTVCell.xib; sourceTree = "<group>"; };
		046EC19C2A7EF4AC00D4E6EF /* ThirdVC.swift */ = {isa = PBXFileReference; lastKnownFileType = sourcecode.swift; path = ThirdVC.swift; sourceTree = "<group>"; };
		0492AED62A7F4F19000665CB /* FourthVC.swift */ = {isa = PBXFileReference; lastKnownFileType = sourcecode.swift; path = FourthVC.swift; sourceTree = "<group>"; };
/* End PBXFileReference section */

/* Begin PBXFrameworksBuildPhase section */
		043C39DE2A7D3D1F001C1B7D /* Frameworks */ = {
			isa = PBXFrameworksBuildPhase;
			buildActionMask = 2147483647;
			files = (
			);
			runOnlyForDeploymentPostprocessing = 0;
		};
/* End PBXFrameworksBuildPhase section */

/* Begin PBXGroup section */
		042872822A7E8A7300E4EF3C /* Model */ = {
			isa = PBXGroup;
			children = (
				042872832A7E8A8A00E4EF3C /* Products.swift */,
			);
			path = Model;
			sourceTree = "<group>";
		};
		043C39D82A7D3D1F001C1B7D = {
			isa = PBXGroup;
			children = (
				043C39E32A7D3D20001C1B7D /* TableView */,
				043C39E22A7D3D1F001C1B7D /* Products */,
			);
			sourceTree = "<group>";
		};
		043C39E22A7D3D1F001C1B7D /* Products */ = {
			isa = PBXGroup;
			children = (
				043C39E12A7D3D1F001C1B7D /* TableView.app */,
			);
			name = Products;
			sourceTree = "<group>";
		};
		043C39E32A7D3D20001C1B7D /* TableView */ = {
			isa = PBXGroup;
			children = (
				042872822A7E8A7300E4EF3C /* Model */,
				043C39F82A7D3EFE001C1B7D /* Utilities */,
				043C39E42A7D3D20001C1B7D /* AppDelegate.swift */,
				043C39E62A7D3D20001C1B7D /* SceneDelegate.swift */,
				043C39E82A7D3D20001C1B7D /* MainVC.swift */,
				043C39EA2A7D3D20001C1B7D /* Main.storyboard */,
				043C39ED2A7D3D27001C1B7D /* Assets.xcassets */,
				043C39EF2A7D3D27001C1B7D /* LaunchScreen.storyboard */,
				043C39F22A7D3D27001C1B7D /* Info.plist */,
				043C3A022A7D409F001C1B7D /* MainTVCell.swift */,
				043C3A032A7D409F001C1B7D /* MainTVCell.xib */,
				0428727C2A7E7C2B00E4EF3C /* FirsTypeVC.swift */,
				0428727E2A7E836C00E4EF3C /* FirstTVCell.swift */,
				0428727F2A7E836C00E4EF3C /* FirstTVCell.xib */,
				04403C362A7EA6560033013D /* SecondTypeVC.swift */,
				04403C382A7EA8E70033013D /* SecondTVCell.swift */,
				04403C392A7EA8E70033013D /* SecondTVCell.xib */,
				046EC19C2A7EF4AC00D4E6EF /* ThirdVC.swift */,
				0492AED62A7F4F19000665CB /* FourthVC.swift */,
			);
			path = TableView;
			sourceTree = "<group>";
		};
		043C39F82A7D3EFE001C1B7D /* Utilities */ = {
			isa = PBXGroup;
			children = (
				043C39FC2A7D3F3B001C1B7D /* Project Design */,
				043C39F92A7D3F09001C1B7D /* Common Helper */,
			);
			path = Utilities;
			sourceTree = "<group>";
		};
		043C39F92A7D3F09001C1B7D /* Common Helper */ = {
			isa = PBXGroup;
			children = (
				043C39FA2A7D3F1F001C1B7D /* Helper.swift */,
			);
			path = "Common Helper";
			sourceTree = "<group>";
		};
		043C39FC2A7D3F3B001C1B7D /* Project Design */ = {
			isa = PBXGroup;
			children = (
				043C3A002A7D4067001C1B7D /* Colors.xcassets */,
			);
			path = "Project Design";
			sourceTree = "<group>";
		};
/* End PBXGroup section */

/* Begin PBXNativeTarget section */
		043C39E02A7D3D1F001C1B7D /* TableView */ = {
			isa = PBXNativeTarget;
			buildConfigurationList = 043C39F52A7D3D27001C1B7D /* Build configuration list for PBXNativeTarget "TableView" */;
			buildPhases = (
				043C39DD2A7D3D1F001C1B7D /* Sources */,
				043C39DE2A7D3D1F001C1B7D /* Frameworks */,
				043C39DF2A7D3D1F001C1B7D /* Resources */,
			);
			buildRules = (
			);
			dependencies = (
			);
			name = TableView;
			productName = TableView;
			productReference = 043C39E12A7D3D1F001C1B7D /* TableView.app */;
			productType = "com.apple.product-type.application";
		};
/* End PBXNativeTarget section */

/* Begin PBXProject section */
		043C39D92A7D3D1F001C1B7D /* Project object */ = {
			isa = PBXProject;
			attributes = {
				BuildIndependentTargetsInParallel = 1;
				LastSwiftUpdateCheck = 1410;
				LastUpgradeCheck = 1410;
				TargetAttributes = {
					043C39E02A7D3D1F001C1B7D = {
						CreatedOnToolsVersion = 14.1;
					};
				};
			};
			buildConfigurationList = 043C39DC2A7D3D1F001C1B7D /* Build configuration list for PBXProject "TableView" */;
			compatibilityVersion = "Xcode 14.0";
			developmentRegion = en;
			hasScannedForEncodings = 0;
			knownRegions = (
				en,
				Base,
			);
			mainGroup = 043C39D82A7D3D1F001C1B7D;
			productRefGroup = 043C39E22A7D3D1F001C1B7D /* Products */;
			projectDirPath = "";
			projectRoot = "";
			targets = (
				043C39E02A7D3D1F001C1B7D /* TableView */,
			);
		};
/* End PBXProject section */

/* Begin PBXResourcesBuildPhase section */
		043C39DF2A7D3D1F001C1B7D /* Resources */ = {
			isa = PBXResourcesBuildPhase;
			buildActionMask = 2147483647;
			files = (
				04403C3B2A7EA8E70033013D /* SecondTVCell.xib in Resources */,
				042872812A7E836C00E4EF3C /* FirstTVCell.xib in Resources */,
				043C39F12A7D3D27001C1B7D /* LaunchScreen.storyboard in Resources */,
				043C3A012A7D4067001C1B7D /* Colors.xcassets in Resources */,
				043C39EE2A7D3D27001C1B7D /* Assets.xcassets in Resources */,
				043C3A052A7D409F001C1B7D /* MainTVCell.xib in Resources */,
				043C39EC2A7D3D20001C1B7D /* Main.storyboard in Resources */,
			);
			runOnlyForDeploymentPostprocessing = 0;
		};
/* End PBXResourcesBuildPhase section */

/* Begin PBXSourcesBuildPhase section */
		043C39DD2A7D3D1F001C1B7D /* Sources */ = {
			isa = PBXSourcesBuildPhase;
			buildActionMask = 2147483647;
			files = (
				043C39E92A7D3D20001C1B7D /* MainVC.swift in Sources */,
				043C39E52A7D3D20001C1B7D /* AppDelegate.swift in Sources */,
				0428727D2A7E7C2B00E4EF3C /* FirsTypeVC.swift in Sources */,
				04403C372A7EA6560033013D /* SecondTypeVC.swift in Sources */,
				043C39E72A7D3D20001C1B7D /* SceneDelegate.swift in Sources */,
				042872802A7E836C00E4EF3C /* FirstTVCell.swift in Sources */,
				0492AED72A7F4F19000665CB /* FourthVC.swift in Sources */,
				042872842A7E8A8A00E4EF3C /* Products.swift in Sources */,
				043C3A042A7D409F001C1B7D /* MainTVCell.swift in Sources */,
				046EC19D2A7EF4AC00D4E6EF /* ThirdVC.swift in Sources */,
				043C39FB2A7D3F1F001C1B7D /* Helper.swift in Sources */,
				04403C3A2A7EA8E70033013D /* SecondTVCell.swift in Sources */,
			);
			runOnlyForDeploymentPostprocessing = 0;
		};
/* End PBXSourcesBuildPhase section */

/* Begin PBXVariantGroup section */
		043C39EA2A7D3D20001C1B7D /* Main.storyboard */ = {
			isa = PBXVariantGroup;
			children = (
				043C39EB2A7D3D20001C1B7D /* Base */,
			);
			name = Main.storyboard;
			sourceTree = "<group>";
		};
		043C39EF2A7D3D27001C1B7D /* LaunchScreen.storyboard */ = {
			isa = PBXVariantGroup;
			children = (
				043C39F02A7D3D27001C1B7D /* Base */,
			);
			name = LaunchScreen.storyboard;
			sourceTree = "<group>";
		};
/* End PBXVariantGroup section */

/* Begin XCBuildConfiguration section */
		043C39F32A7D3D27001C1B7D /* Debug */ = {
			isa = XCBuildConfiguration;
			buildSettings = {
				ALWAYS_SEARCH_USER_PATHS = NO;
				CLANG_ANALYZER_NONNULL = YES;
				CLANG_ANALYZER_NUMBER_OBJECT_CONVERSION = YES_AGGRESSIVE;
				CLANG_CXX_LANGUAGE_STANDARD = "gnu++20";
				CLANG_ENABLE_MODULES = YES;
				CLANG_ENABLE_OBJC_ARC = YES;
				CLANG_ENABLE_OBJC_WEAK = YES;
				CLANG_WARN_BLOCK_CAPTURE_AUTORELEASING = YES;
				CLANG_WARN_BOOL_CONVERSION = YES;
				CLANG_WARN_COMMA = YES;
				CLANG_WARN_CONSTANT_CONVERSION = YES;
				CLANG_WARN_DEPRECATED_OBJC_IMPLEMENTATIONS = YES;
				CLANG_WARN_DIRECT_OBJC_ISA_USAGE = YES_ERROR;
				CLANG_WARN_DOCUMENTATION_COMMENTS = YES;
				CLANG_WARN_EMPTY_BODY = YES;
				CLANG_WARN_ENUM_CONVERSION = YES;
				CLANG_WARN_INFINITE_RECURSION = YES;
				CLANG_WARN_INT_CONVERSION = YES;
				CLANG_WARN_NON_LITERAL_NULL_CONVERSION = YES;
				CLANG_WARN_OBJC_IMPLICIT_RETAIN_SELF = YES;
				CLANG_WARN_OBJC_LITERAL_CONVERSION = YES;
				CLANG_WARN_OBJC_ROOT_CLASS = YES_ERROR;
				CLANG_WARN_QUOTED_INCLUDE_IN_FRAMEWORK_HEADER = YES;
				CLANG_WARN_RANGE_LOOP_ANALYSIS = YES;
				CLANG_WARN_STRICT_PROTOTYPES = YES;
				CLANG_WARN_SUSPICIOUS_MOVE = YES;
				CLANG_WARN_UNGUARDED_AVAILABILITY = YES_AGGRESSIVE;
				CLANG_WARN_UNREACHABLE_CODE = YES;
				CLANG_WARN__DUPLICATE_METHOD_MATCH = YES;
				COPY_PHASE_STRIP = NO;
				DEBUG_INFORMATION_FORMAT = dwarf;
				ENABLE_STRICT_OBJC_MSGSEND = YES;
				ENABLE_TESTABILITY = YES;
				GCC_C_LANGUAGE_STANDARD = gnu11;
				GCC_DYNAMIC_NO_PIC = NO;
				GCC_NO_COMMON_BLOCKS = YES;
				GCC_OPTIMIZATION_LEVEL = 0;
				GCC_PREPROCESSOR_DEFINITIONS = (
					"DEBUG=1",
					"$(inherited)",
				);
				GCC_WARN_64_TO_32_BIT_CONVERSION = YES;
				GCC_WARN_ABOUT_RETURN_TYPE = YES_ERROR;
				GCC_WARN_UNDECLARED_SELECTOR = YES;
				GCC_WARN_UNINITIALIZED_AUTOS = YES_AGGRESSIVE;
				GCC_WARN_UNUSED_FUNCTION = YES;
				GCC_WARN_UNUSED_VARIABLE = YES;
				IPHONEOS_DEPLOYMENT_TARGET = 16.1;
				MTL_ENABLE_DEBUG_INFO = INCLUDE_SOURCE;
				MTL_FAST_MATH = YES;
				ONLY_ACTIVE_ARCH = YES;
				SDKROOT = iphoneos;
				SWIFT_ACTIVE_COMPILATION_CONDITIONS = DEBUG;
				SWIFT_OPTIMIZATION_LEVEL = "-Onone";
			};
			name = Debug;
		};
		043C39F42A7D3D27001C1B7D /* Release */ = {
			isa = XCBuildConfiguration;
			buildSettings = {
				ALWAYS_SEARCH_USER_PATHS = NO;
				CLANG_ANALYZER_NONNULL = YES;
				CLANG_ANALYZER_NUMBER_OBJECT_CONVERSION = YES_AGGRESSIVE;
				CLANG_CXX_LANGUAGE_STANDARD = "gnu++20";
				CLANG_ENABLE_MODULES = YES;
				CLANG_ENABLE_OBJC_ARC = YES;
				CLANG_ENABLE_OBJC_WEAK = YES;
				CLANG_WARN_BLOCK_CAPTURE_AUTORELEASING = YES;
				CLANG_WARN_BOOL_CONVERSION = YES;
				CLANG_WARN_COMMA = YES;
				CLANG_WARN_CONSTANT_CONVERSION = YES;
				CLANG_WARN_DEPRECATED_OBJC_IMPLEMENTATIONS = YES;
				CLANG_WARN_DIRECT_OBJC_ISA_USAGE = YES_ERROR;
				CLANG_WARN_DOCUMENTATION_COMMENTS = YES;
				CLANG_WARN_EMPTY_BODY = YES;
				CLANG_WARN_ENUM_CONVERSION = YES;
				CLANG_WARN_INFINITE_RECURSION = YES;
				CLANG_WARN_INT_CONVERSION = YES;
				CLANG_WARN_NON_LITERAL_NULL_CONVERSION = YES;
				CLANG_WARN_OBJC_IMPLICIT_RETAIN_SELF = YES;
				CLANG_WARN_OBJC_LITERAL_CONVERSION = YES;
				CLANG_WARN_OBJC_ROOT_CLASS = YES_ERROR;
				CLANG_WARN_QUOTED_INCLUDE_IN_FRAMEWORK_HEADER = YES;
				CLANG_WARN_RANGE_LOOP_ANALYSIS = YES;
				CLANG_WARN_STRICT_PROTOTYPES = YES;
				CLANG_WARN_SUSPICIOUS_MOVE = YES;
				CLANG_WARN_UNGUARDED_AVAILABILITY = YES_AGGRESSIVE;
				CLANG_WARN_UNREACHABLE_CODE = YES;
				CLANG_WARN__DUPLICATE_METHOD_MATCH = YES;
				COPY_PHASE_STRIP = NO;
				DEBUG_INFORMATION_FORMAT = "dwarf-with-dsym";
				ENABLE_NS_ASSERTIONS = NO;
				ENABLE_STRICT_OBJC_MSGSEND = YES;
				GCC_C_LANGUAGE_STANDARD = gnu11;
				GCC_NO_COMMON_BLOCKS = YES;
				GCC_WARN_64_TO_32_BIT_CONVERSION = YES;
				GCC_WARN_ABOUT_RETURN_TYPE = YES_ERROR;
				GCC_WARN_UNDECLARED_SELECTOR = YES;
				GCC_WARN_UNINITIALIZED_AUTOS = YES_AGGRESSIVE;
				GCC_WARN_UNUSED_FUNCTION = YES;
				GCC_WARN_UNUSED_VARIABLE = YES;
				IPHONEOS_DEPLOYMENT_TARGET = 16.1;
				MTL_ENABLE_DEBUG_INFO = NO;
				MTL_FAST_MATH = YES;
				SDKROOT = iphoneos;
				SWIFT_COMPILATION_MODE = wholemodule;
				SWIFT_OPTIMIZATION_LEVEL = "-O";
				VALIDATE_PRODUCT = YES;
			};
			name = Release;
		};
		043C39F62A7D3D27001C1B7D /* Debug */ = {
			isa = XCBuildConfiguration;
			buildSettings = {
				ASSETCATALOG_COMPILER_APPICON_NAME = AppIcon;
				ASSETCATALOG_COMPILER_GLOBAL_ACCENT_COLOR_NAME = AccentColor;
				CODE_SIGN_STYLE = Automatic;
				CURRENT_PROJECT_VERSION = 1;
				DEVELOPMENT_TEAM = 647FTMJG5V;
				GENERATE_INFOPLIST_FILE = YES;
				INFOPLIST_FILE = TableView/Info.plist;
				INFOPLIST_KEY_UIApplicationSupportsIndirectInputEvents = YES;
				INFOPLIST_KEY_UILaunchStoryboardName = LaunchScreen;
				INFOPLIST_KEY_UIMainStoryboardFile = Main;
				INFOPLIST_KEY_UISupportedInterfaceOrientations_iPad = "UIInterfaceOrientationPortrait UIInterfaceOrientationPortraitUpsideDown UIInterfaceOrientationLandscapeLeft UIInterfaceOrientationLandscapeRight";
				INFOPLIST_KEY_UISupportedInterfaceOrientations_iPhone = "UIInterfaceOrientationPortrait UIInterfaceOrientationLandscapeLeft UIInterfaceOrientationLandscapeRight";
				LD_RUNPATH_SEARCH_PATHS = (
					"$(inherited)",
					"@executable_path/Frameworks",
				);
				MARKETING_VERSION = 1.0;
				PRODUCT_BUNDLE_IDENTIFIER = "-com.omarh.TableView";
				PRODUCT_NAME = "$(TARGET_NAME)";
				SWIFT_EMIT_LOC_STRINGS = YES;
				SWIFT_VERSION = 5.0;
				TARGETED_DEVICE_FAMILY = "1,2";
			};
			name = Debug;
		};
		043C39F72A7D3D27001C1B7D /* Release */ = {
			isa = XCBuildConfiguration;
			buildSettings = {
				ASSETCATALOG_COMPILER_APPICON_NAME = AppIcon;
				ASSETCATALOG_COMPILER_GLOBAL_ACCENT_COLOR_NAME = AccentColor;
				CODE_SIGN_STYLE = Automatic;
				CURRENT_PROJECT_VERSION = 1;
				DEVELOPMENT_TEAM = 647FTMJG5V;
				GENERATE_INFOPLIST_FILE = YES;
				INFOPLIST_FILE = TableView/Info.plist;
				INFOPLIST_KEY_UIApplicationSupportsIndirectInputEvents = YES;
				INFOPLIST_KEY_UILaunchStoryboardName = LaunchScreen;
				INFOPLIST_KEY_UIMainStoryboardFile = Main;
				INFOPLIST_KEY_UISupportedInterfaceOrientations_iPad = "UIInterfaceOrientationPortrait UIInterfaceOrientationPortraitUpsideDown UIInterfaceOrientationLandscapeLeft UIInterfaceOrientationLandscapeRight";
				INFOPLIST_KEY_UISupportedInterfaceOrientations_iPhone = "UIInterfaceOrientationPortrait UIInterfaceOrientationLandscapeLeft UIInterfaceOrientationLandscapeRight";
				LD_RUNPATH_SEARCH_PATHS = (
					"$(inherited)",
					"@executable_path/Frameworks",
				);
				MARKETING_VERSION = 1.0;
				PRODUCT_BUNDLE_IDENTIFIER = "-com.omarh.TableView";
				PRODUCT_NAME = "$(TARGET_NAME)";
				SWIFT_EMIT_LOC_STRINGS = YES;
				SWIFT_VERSION = 5.0;
				TARGETED_DEVICE_FAMILY = "1,2";
			};
			name = Release;
		};
/* End XCBuildConfiguration section */

/* Begin XCConfigurationList section */
		043C39DC2A7D3D1F001C1B7D /* Build configuration list for PBXProject "TableView" */ = {
			isa = XCConfigurationList;
			buildConfigurations = (
				043C39F32A7D3D27001C1B7D /* Debug */,
				043C39F42A7D3D27001C1B7D /* Release */,
			);
			defaultConfigurationIsVisible = 0;
			defaultConfigurationName = Release;
		};
		043C39F52A7D3D27001C1B7D /* Build configuration list for PBXNativeTarget "TableView" */ = {
			isa = XCConfigurationList;
			buildConfigurations = (
				043C39F62A7D3D27001C1B7D /* Debug */,
				043C39F72A7D3D27001C1B7D /* Release */,
			);
			defaultConfigurationIsVisible = 0;
			defaultConfigurationName = Release;
		};
/* End XCConfigurationList section */
	};
	rootObject = 043C39D92A7D3D1F001C1B7D /* Project object */;
}
